<?xml version="1.0" encoding="utf-8"?>
<Project ToolsVersion="4.0" xmlns="http://schemas.microsoft.com/developer/msbuild/2003">
  <ItemGroup>
    <Filter Include="Source Files">
      <UniqueIdentifier>{4FC737F1-C7A5-4376-A066-2A32D752A2FF}</UniqueIdentifier>
      <Extensions>cpp;c;cc;cxx;def;odl;idl;hpj;bat;asm;asmx</Extensions>
    </Filter>
    <Filter Include="Header Files">
      <UniqueIdentifier>{93995380-89BD-4b04-88EB-625FBE52EBFB}</UniqueIdentifier>
      <Extensions>h;hh;hpp;hxx;hm;inl;inc;xsd</Extensions>
    </Filter>
    <Filter Include="Resource Files">
      <UniqueIdentifier>{67DA6AB6-F800-4c08-8B7A-83BB121AAD01}</UniqueIdentifier>
      <Extensions>rc;ico;cur;bmp;dlg;rc2;rct;bin;rgs;gif;jpg;jpeg;jpe;resx;tiff;tif;png;wav;mfcribbon-ms</Extensions>
    </Filter>
    <Filter Include="proto">
      <UniqueIdentifier>{a86e755a-7c45-4ba7-9b64-06a123a4f7c0}</UniqueIdentifier>
    </Filter>
  </ItemGroup>
  <ItemGroup>
    <ClInclude Include="stdafx.h">
      <Filter>Header Files</Filter>
    </ClInclude>
    <ClInclude Include="targetver.h">
      <Filter>Header Files</Filter>
    </ClInclude>
  </ItemGroup>
  <ItemGroup>
    <ClCompile Include="stdafx.cpp">
      <Filter>Source Files</Filter>
    </ClCompile>
    <ClCompile Include="processor.cpp">
      <Filter>Source Files</Filter>
    </ClCompile>
    <ClCompile Include="Wallet.pb.cc">
      <Filter>Source Files</Filter>
    </ClCompile>
    <ClCompile Include="AskOrder.pb.cc">
      <Filter>Source Files</Filter>
    </ClCompile>
    <ClCompile Include="BidOrder.pb.cc">
      <Filter>Source Files</Filter>
    </ClCompile>
    <ClCompile Include="Transfer.pb.cc">
      <Filter>Source Files</Filter>
    </ClCompile>
    <ClCompile Include="DealOrder.pb.cc">
      <Filter>Source Files</Filter>
    </ClCompile>
    <ClCompile Include="RepaymentOrder.pb.cc">
      <Filter>Source Files</Filter>
    </ClCompile>
    <ClCompile Include="Address.pb.cc">
      <Filter>Source Files</Filter>
    </ClCompile>
    <ClCompile Include="Offer.pb.cc">
      <Filter>Source Files</Filter>
    </ClCompile>
    <ClCompile Include="Fee.pb.cc">
      <Filter>Source Files</Filter>
    </ClCompile>
  </ItemGroup>
  <ItemGroup>
    <None Include="..\proto\Wallet.proto">
      <Filter>proto</Filter>
    </None>
    <None Include="..\proto\AskOrder.proto">
      <Filter>proto</Filter>
    </None>
    <None Include="..\proto\BidOrder.proto">
      <Filter>proto</Filter>
    </None>
    <None Include="..\proto\Transfer.proto">
      <Filter>proto</Filter>
    </None>
    <None Include="..\proto\DealOrder.proto">
      <Filter>proto</Filter>
    </None>
    <None Include="..\proto\Address.proto">
      <Filter>proto</Filter>
    </None>
    <None Include="..\proto\RepaymentOrder.proto">
      <Filter>proto</Filter>
    </None>
    <None Include="..\proto\Offer.proto">
      <Filter>proto</Filter>
    </None>
    <None Include="..\proto\Fee.proto">
      <Filter>proto</Filter>
    </None>
  </ItemGroup>
</Project>