Microsoft Visual Studio Solution File, Format Version 12.00
# Visual Studio Version 16
VisualStudioVersion = 16.0.28922.388
MinimumVisualStudioVersion = 10.0.40219.1
Project("{9A19103F-16F7-4668-BE54-9A1E7A4F7556}") = "cccore", "cccore\cccore.csproj", "{E7E5077B-0EE1-4F2C-B48B-B3C5CCE808D5}"
	ProjectSection(ProjectDependencies) = postProject
		{31A0FE7F-E68C-456C-B546-59B757F53DF5} = {31A0FE7F-E68C-456C-B546-59B757F53DF5}
		{C5B0F6FE-4117-4B92-A020-D66C7CBD5C03} = {C5B0F6FE-4117-4B92-A020-D66C7CBD5C03}
	EndProjectSection
EndProject
Project("{9A19103F-16F7-4668-BE54-9A1E7A4F7556}") = "ccplugin", "ccplugin\ccplugin.csproj", "{1F1F617D-CF8B-49B3-BE46-6EBDD8BD1E2A}"
EndProject
Project("{8BC9CEB8-8B4A-11D0-8D11-00A0C91BC942}") = "ccprocessor", "ccprocessor\ccprocessor.vcxproj", "{0714FC2E-BDF5-4BD2-8A5B-12AB2B6A327C}"
EndProject
Project("{2150E333-8FDC-42A3-9474-1A3956D46DE8}") = "core", "core", "{45E1030D-84AC-474D-B312-C4FC8491288F}"
EndProject
Project("{2150E333-8FDC-42A3-9474-1A3956D46DE8}") = "plugins", "plugins", "{A3E0FFB0-EF89-4CD3-95E1-DB04FF935788}"
EndProject
Project("{9A19103F-16F7-4668-BE54-9A1E7A4F7556}") = "cbitcoin", "cccore\plugins\bitcoin\cbitcoin.csproj", "{C5B0F6FE-4117-4B92-A020-D66C7CBD5C03}"
EndProject
Project("{9A19103F-16F7-4668-BE54-9A1E7A4F7556}") = "cethereum", "cccore\plugins\ethereum\cethereum.csproj", "{31A0FE7F-E68C-456C-B546-59B757F53DF5}"
EndProject
Project("{2150E333-8FDC-42A3-9474-1A3956D46DE8}") = "gateway", "gateway", "{0C5F53C9-2EA2-4529-A697-BEF29C2F6081}"
EndProject
Project("{2150E333-8FDC-42A3-9474-1A3956D46DE8}") = "plugins", "plugins", "{C0955739-6443-499E-A68A-EDFFBED79180}"
EndProject
Project("{9A19103F-16F7-4668-BE54-9A1E7A4F7556}") = "ccgateway", "ccgateway\ccgateway.csproj", "{735CE426-8BD5-44E4-8166-C109D3367396}"
	ProjectSection(ProjectDependencies) = postProject
		{5AB22611-525F-41D4-8EC7-9FAD5EB3EFC0} = {5AB22611-525F-41D4-8EC7-9FAD5EB3EFC0}
		{20E5B653-077E-4424-AF51-4F976FB273B7} = {20E5B653-077E-4424-AF51-4F976FB273B7}
	EndProjectSection
EndProject
Project("{9A19103F-16F7-4668-BE54-9A1E7A4F7556}") = "gbitcoin", "ccgateway\plugins\bitcoin\gbitcoin.csproj", "{5AB22611-525F-41D4-8EC7-9FAD5EB3EFC0}"
EndProject
Project("{9A19103F-16F7-4668-BE54-9A1E7A4F7556}") = "gethereum", "ccgateway\plugins\ethereum\gethereum.csproj", "{20E5B653-077E-4424-AF51-4F976FB273B7}"
EndProject
Project("{8BC9CEB8-8B4A-11D0-8D11-00A0C91BC942}") = "ccprocessorLinux", "ccprocessorLinux\ccprocessorLinux.vcxproj", "{A4DC94F9-2E1C-4293-8CEB-DA721442C925}"
EndProject
Project("{9A19103F-16F7-4668-BE54-9A1E7A4F7556}") = "ccbe", "ccbe\ccbe.csproj", "{14F62451-0BE6-45AC-BB8F-185BF9A40FA1}"
EndProject
Project("{9A19103F-16F7-4668-BE54-9A1E7A4F7556}") = "ccaas", "ccaas\ccaas.csproj", "{253D5E9A-7B7E-40E7-B73B-083CECBC767C}"
	ProjectSection(ProjectDependencies) = postProject
		{5AB22611-525F-41D4-8EC7-9FAD5EB3EFC0} = {5AB22611-525F-41D4-8EC7-9FAD5EB3EFC0}
		{B1131F14-1DE6-4F75-8E47-03877F791DFD} = {B1131F14-1DE6-4F75-8E47-03877F791DFD}
		{55F53A49-51C0-4790-BD29-E91E3476D09B} = {55F53A49-51C0-4790-BD29-E91E3476D09B}
		{20E5B653-077E-4424-AF51-4F976FB273B7} = {20E5B653-077E-4424-AF51-4F976FB273B7}
		{31A0FE7F-E68C-456C-B546-59B757F53DF5} = {31A0FE7F-E68C-456C-B546-59B757F53DF5}
		{C5B0F6FE-4117-4B92-A020-D66C7CBD5C03} = {C5B0F6FE-4117-4B92-A020-D66C7CBD5C03}
	EndProjectSection
EndProject
Project("{9A19103F-16F7-4668-BE54-9A1E7A4F7556}") = "ccclient", "ccclient\ccclient.csproj", "{67C47081-6EAD-4685-A40D-2C1F9DAC8229}"
EndProject
Project("{9A19103F-16F7-4668-BE54-9A1E7A4F7556}") = "cerc20", "cccore\plugins\erc20\cerc20.csproj", "{55F53A49-51C0-4790-BD29-E91E3476D09B}"
EndProject
Project("{9A19103F-16F7-4668-BE54-9A1E7A4F7556}") = "gerc20", "ccgateway\plugins\erc20\gerc20.csproj", "{B1131F14-1DE6-4F75-8E47-03877F791DFD}"
EndProject
Global
	GlobalSection(SolutionConfigurationPlatforms) = preSolution
		Debug|Any CPU = Debug|Any CPU
		Debug|x64 = Debug|x64
		Release|Any CPU = Release|Any CPU
		Release|x64 = Release|x64
	EndGlobalSection
	GlobalSection(ProjectConfigurationPlatforms) = postSolution
		{E7E5077B-0EE1-4F2C-B48B-B3C5CCE808D5}.Debug|Any CPU.ActiveCfg = Debug|Any CPU
		{E7E5077B-0EE1-4F2C-B48B-B3C5CCE808D5}.Debug|Any CPU.Build.0 = Debug|Any CPU
		{E7E5077B-0EE1-4F2C-B48B-B3C5CCE808D5}.Debug|x64.ActiveCfg = Debug|Any CPU
		{E7E5077B-0EE1-4F2C-B48B-B3C5CCE808D5}.Debug|x64.Build.0 = Debug|Any CPU
		{E7E5077B-0EE1-4F2C-B48B-B3C5CCE808D5}.Release|Any CPU.ActiveCfg = Release|Any CPU
		{E7E5077B-0EE1-4F2C-B48B-B3C5CCE808D5}.Release|Any CPU.Build.0 = Release|Any CPU
		{E7E5077B-0EE1-4F2C-B48B-B3C5CCE808D5}.Release|x64.ActiveCfg = Release|Any CPU
		{E7E5077B-0EE1-4F2C-B48B-B3C5CCE808D5}.Release|x64.Build.0 = Release|Any CPU
		{1F1F617D-CF8B-49B3-BE46-6EBDD8BD1E2A}.Debug|Any CPU.ActiveCfg = Debug|Any CPU
		{1F1F617D-CF8B-49B3-BE46-6EBDD8BD1E2A}.Debug|Any CPU.Build.0 = Debug|Any CPU
		{1F1F617D-CF8B-49B3-BE46-6EBDD8BD1E2A}.Debug|x64.ActiveCfg = Debug|Any CPU
		{1F1F617D-CF8B-49B3-BE46-6EBDD8BD1E2A}.Debug|x64.Build.0 = Debug|Any CPU
		{1F1F617D-CF8B-49B3-BE46-6EBDD8BD1E2A}.Release|Any CPU.ActiveCfg = Release|Any CPU
		{1F1F617D-CF8B-49B3-BE46-6EBDD8BD1E2A}.Release|Any CPU.Build.0 = Release|Any CPU
		{1F1F617D-CF8B-49B3-BE46-6EBDD8BD1E2A}.Release|x64.ActiveCfg = Release|Any CPU
		{1F1F617D-CF8B-49B3-BE46-6EBDD8BD1E2A}.Release|x64.Build.0 = Release|Any CPU
		{0714FC2E-BDF5-4BD2-8A5B-12AB2B6A327C}.Debug|Any CPU.ActiveCfg = Debug|x64
		{0714FC2E-BDF5-4BD2-8A5B-12AB2B6A327C}.Debug|x64.ActiveCfg = Debug|x64
		{0714FC2E-BDF5-4BD2-8A5B-12AB2B6A327C}.Debug|x64.Build.0 = Debug|x64
		{0714FC2E-BDF5-4BD2-8A5B-12AB2B6A327C}.Release|Any CPU.ActiveCfg = Release|x64
		{0714FC2E-BDF5-4BD2-8A5B-12AB2B6A327C}.Release|x64.ActiveCfg = Release|x64
		{0714FC2E-BDF5-4BD2-8A5B-12AB2B6A327C}.Release|x64.Build.0 = Release|x64
		{C5B0F6FE-4117-4B92-A020-D66C7CBD5C03}.Debug|Any CPU.ActiveCfg = Debug|Any CPU
		{C5B0F6FE-4117-4B92-A020-D66C7CBD5C03}.Debug|Any CPU.Build.0 = Debug|Any CPU
		{C5B0F6FE-4117-4B92-A020-D66C7CBD5C03}.Debug|x64.ActiveCfg = Debug|Any CPU
		{C5B0F6FE-4117-4B92-A020-D66C7CBD5C03}.Debug|x64.Build.0 = Debug|Any CPU
		{C5B0F6FE-4117-4B92-A020-D66C7CBD5C03}.Release|Any CPU.ActiveCfg = Release|Any CPU
		{C5B0F6FE-4117-4B92-A020-D66C7CBD5C03}.Release|Any CPU.Build.0 = Release|Any CPU
		{C5B0F6FE-4117-4B92-A020-D66C7CBD5C03}.Release|x64.ActiveCfg = Release|Any CPU
		{C5B0F6FE-4117-4B92-A020-D66C7CBD5C03}.Release|x64.Build.0 = Release|Any CPU
		{31A0FE7F-E68C-456C-B546-59B757F53DF5}.Debug|Any CPU.ActiveCfg = Debug|Any CPU
		{31A0FE7F-E68C-456C-B546-59B757F53DF5}.Debug|Any CPU.Build.0 = Debug|Any CPU
		{31A0FE7F-E68C-456C-B546-59B757F53DF5}.Debug|x64.ActiveCfg = Debug|Any CPU
		{31A0FE7F-E68C-456C-B546-59B757F53DF5}.Debug|x64.Build.0 = Debug|Any CPU
		{31A0FE7F-E68C-456C-B546-59B757F53DF5}.Release|Any CPU.ActiveCfg = Release|Any CPU
		{31A0FE7F-E68C-456C-B546-59B757F53DF5}.Release|Any CPU.Build.0 = Release|Any CPU
		{31A0FE7F-E68C-456C-B546-59B757F53DF5}.Release|x64.ActiveCfg = Release|Any CPU
		{31A0FE7F-E68C-456C-B546-59B757F53DF5}.Release|x64.Build.0 = Release|Any CPU
		{735CE426-8BD5-44E4-8166-C109D3367396}.Debug|Any CPU.ActiveCfg = Debug|Any CPU
		{735CE426-8BD5-44E4-8166-C109D3367396}.Debug|Any CPU.Build.0 = Debug|Any CPU
		{735CE426-8BD5-44E4-8166-C109D3367396}.Debug|x64.ActiveCfg = Debug|Any CPU
		{735CE426-8BD5-44E4-8166-C109D3367396}.Debug|x64.Build.0 = Debug|Any CPU
		{735CE426-8BD5-44E4-8166-C109D3367396}.Release|Any CPU.ActiveCfg = Release|Any CPU
		{735CE426-8BD5-44E4-8166-C109D3367396}.Release|Any CPU.Build.0 = Release|Any CPU
		{735CE426-8BD5-44E4-8166-C109D3367396}.Release|x64.ActiveCfg = Release|Any CPU
		{735CE426-8BD5-44E4-8166-C109D3367396}.Release|x64.Build.0 = Release|Any CPU
		{5AB22611-525F-41D4-8EC7-9FAD5EB3EFC0}.Debug|Any CPU.ActiveCfg = Debug|Any CPU
		{5AB22611-525F-41D4-8EC7-9FAD5EB3EFC0}.Debug|Any CPU.Build.0 = Debug|Any CPU
		{5AB22611-525F-41D4-8EC7-9FAD5EB3EFC0}.Debug|x64.ActiveCfg = Debug|Any CPU
		{5AB22611-525F-41D4-8EC7-9FAD5EB3EFC0}.Debug|x64.Build.0 = Debug|Any CPU
		{5AB22611-525F-41D4-8EC7-9FAD5EB3EFC0}.Release|Any CPU.ActiveCfg = Release|Any CPU
		{5AB22611-525F-41D4-8EC7-9FAD5EB3EFC0}.Release|Any CPU.Build.0 = Release|Any CPU
		{5AB22611-525F-41D4-8EC7-9FAD5EB3EFC0}.Release|x64.ActiveCfg = Release|Any CPU
		{5AB22611-525F-41D4-8EC7-9FAD5EB3EFC0}.Release|x64.Build.0 = Release|Any CPU
		{20E5B653-077E-4424-AF51-4F976FB273B7}.Debug|Any CPU.ActiveCfg = Debug|Any CPU
		{20E5B653-077E-4424-AF51-4F976FB273B7}.Debug|Any CPU.Build.0 = Debug|Any CPU
		{20E5B653-077E-4424-AF51-4F976FB273B7}.Debug|x64.ActiveCfg = Debug|Any CPU
		{20E5B653-077E-4424-AF51-4F976FB273B7}.Debug|x64.Build.0 = Debug|Any CPU
		{20E5B653-077E-4424-AF51-4F976FB273B7}.Release|Any CPU.ActiveCfg = Release|Any CPU
		{20E5B653-077E-4424-AF51-4F976FB273B7}.Release|Any CPU.Build.0 = Release|Any CPU
		{20E5B653-077E-4424-AF51-4F976FB273B7}.Release|x64.ActiveCfg = Release|Any CPU
		{20E5B653-077E-4424-AF51-4F976FB273B7}.Release|x64.Build.0 = Release|Any CPU
		{A4DC94F9-2E1C-4293-8CEB-DA721442C925}.Debug|Any CPU.ActiveCfg = Debug|x64
		{A4DC94F9-2E1C-4293-8CEB-DA721442C925}.Debug|x64.ActiveCfg = Debug|x64
		{A4DC94F9-2E1C-4293-8CEB-DA721442C925}.Debug|x64.Build.0 = Debug|x64
		{A4DC94F9-2E1C-4293-8CEB-DA721442C925}.Release|Any CPU.ActiveCfg = Release|x64
		{A4DC94F9-2E1C-4293-8CEB-DA721442C925}.Release|x64.ActiveCfg = Release|x64
		{A4DC94F9-2E1C-4293-8CEB-DA721442C925}.Release|x64.Build.0 = Release|x64
		{14F62451-0BE6-45AC-BB8F-185BF9A40FA1}.Debug|Any CPU.ActiveCfg = Debug|Any CPU
		{14F62451-0BE6-45AC-BB8F-185BF9A40FA1}.Debug|Any CPU.Build.0 = Debug|Any CPU
		{14F62451-0BE6-45AC-BB8F-185BF9A40FA1}.Debug|x64.ActiveCfg = Debug|Any CPU
		{14F62451-0BE6-45AC-BB8F-185BF9A40FA1}.Debug|x64.Build.0 = Debug|Any CPU
		{14F62451-0BE6-45AC-BB8F-185BF9A40FA1}.Release|Any CPU.ActiveCfg = Release|Any CPU
		{14F62451-0BE6-45AC-BB8F-185BF9A40FA1}.Release|Any CPU.Build.0 = Release|Any CPU
		{14F62451-0BE6-45AC-BB8F-185BF9A40FA1}.Release|x64.ActiveCfg = Release|Any CPU
		{14F62451-0BE6-45AC-BB8F-185BF9A40FA1}.Release|x64.Build.0 = Release|Any CPU
		{253D5E9A-7B7E-40E7-B73B-083CECBC767C}.Debug|Any CPU.ActiveCfg = Debug|Any CPU
		{253D5E9A-7B7E-40E7-B73B-083CECBC767C}.Debug|Any CPU.Build.0 = Debug|Any CPU
		{253D5E9A-7B7E-40E7-B73B-083CECBC767C}.Debug|x64.ActiveCfg = Debug|Any CPU
		{253D5E9A-7B7E-40E7-B73B-083CECBC767C}.Debug|x64.Build.0 = Debug|Any CPU
		{253D5E9A-7B7E-40E7-B73B-083CECBC767C}.Release|Any CPU.ActiveCfg = Release|Any CPU
		{253D5E9A-7B7E-40E7-B73B-083CECBC767C}.Release|Any CPU.Build.0 = Release|Any CPU
		{253D5E9A-7B7E-40E7-B73B-083CECBC767C}.Release|x64.ActiveCfg = Release|Any CPU
		{253D5E9A-7B7E-40E7-B73B-083CECBC767C}.Release|x64.Build.0 = Release|Any CPU
		{67C47081-6EAD-4685-A40D-2C1F9DAC8229}.Debug|Any CPU.ActiveCfg = Debug|Any CPU
		{67C47081-6EAD-4685-A40D-2C1F9DAC8229}.Debug|Any CPU.Build.0 = Debug|Any CPU
		{67C47081-6EAD-4685-A40D-2C1F9DAC8229}.Debug|x64.ActiveCfg = Debug|Any CPU
		{67C47081-6EAD-4685-A40D-2C1F9DAC8229}.Debug|x64.Build.0 = Debug|Any CPU
		{67C47081-6EAD-4685-A40D-2C1F9DAC8229}.Release|Any CPU.ActiveCfg = Release|Any CPU
		{67C47081-6EAD-4685-A40D-2C1F9DAC8229}.Release|Any CPU.Build.0 = Release|Any CPU
		{67C47081-6EAD-4685-A40D-2C1F9DAC8229}.Release|x64.ActiveCfg = Release|Any CPU
		{67C47081-6EAD-4685-A40D-2C1F9DAC8229}.Release|x64.Build.0 = Release|Any CPU
		{55F53A49-51C0-4790-BD29-E91E3476D09B}.Debug|Any CPU.ActiveCfg = Debug|Any CPU
		{55F53A49-51C0-4790-BD29-E91E3476D09B}.Debug|Any CPU.Build.0 = Debug|Any CPU
		{55F53A49-51C0-4790-BD29-E91E3476D09B}.Debug|x64.ActiveCfg = Debug|Any CPU
		{55F53A49-51C0-4790-BD29-E91E3476D09B}.Debug|x64.Build.0 = Debug|Any CPU
		{55F53A49-51C0-4790-BD29-E91E3476D09B}.Release|Any CPU.ActiveCfg = Release|Any CPU
		{55F53A49-51C0-4790-BD29-E91E3476D09B}.Release|Any CPU.Build.0 = Release|Any CPU
		{55F53A49-51C0-4790-BD29-E91E3476D09B}.Release|x64.ActiveCfg = Release|Any CPU
		{55F53A49-51C0-4790-BD29-E91E3476D09B}.Release|x64.Build.0 = Release|Any CPU
		{B1131F14-1DE6-4F75-8E47-03877F791DFD}.Debug|Any CPU.ActiveCfg = Debug|Any CPU
		{B1131F14-1DE6-4F75-8E47-03877F791DFD}.Debug|Any CPU.Build.0 = Debug|Any CPU
		{B1131F14-1DE6-4F75-8E47-03877F791DFD}.Debug|x64.ActiveCfg = Debug|Any CPU
		{B1131F14-1DE6-4F75-8E47-03877F791DFD}.Debug|x64.Build.0 = Debug|Any CPU
		{B1131F14-1DE6-4F75-8E47-03877F791DFD}.Release|Any CPU.ActiveCfg = Release|Any CPU
		{B1131F14-1DE6-4F75-8E47-03877F791DFD}.Release|Any CPU.Build.0 = Release|Any CPU
		{B1131F14-1DE6-4F75-8E47-03877F791DFD}.Release|x64.ActiveCfg = Release|Any CPU
		{B1131F14-1DE6-4F75-8E47-03877F791DFD}.Release|x64.Build.0 = Release|Any CPU
	EndGlobalSection
	GlobalSection(SolutionProperties) = preSolution
		HideSolutionNode = FALSE
	EndGlobalSection
	GlobalSection(NestedProjects) = preSolution
		{E7E5077B-0EE1-4F2C-B48B-B3C5CCE808D5} = {45E1030D-84AC-474D-B312-C4FC8491288F}
		{A3E0FFB0-EF89-4CD3-95E1-DB04FF935788} = {45E1030D-84AC-474D-B312-C4FC8491288F}
		{C5B0F6FE-4117-4B92-A020-D66C7CBD5C03} = {A3E0FFB0-EF89-4CD3-95E1-DB04FF935788}
		{31A0FE7F-E68C-456C-B546-59B757F53DF5} = {A3E0FFB0-EF89-4CD3-95E1-DB04FF935788}
		{C0955739-6443-499E-A68A-EDFFBED79180} = {0C5F53C9-2EA2-4529-A697-BEF29C2F6081}
		{735CE426-8BD5-44E4-8166-C109D3367396} = {0C5F53C9-2EA2-4529-A697-BEF29C2F6081}
		{5AB22611-525F-41D4-8EC7-9FAD5EB3EFC0} = {C0955739-6443-499E-A68A-EDFFBED79180}
		{20E5B653-077E-4424-AF51-4F976FB273B7} = {C0955739-6443-499E-A68A-EDFFBED79180}
		{55F53A49-51C0-4790-BD29-E91E3476D09B} = {A3E0FFB0-EF89-4CD3-95E1-DB04FF935788}
		{B1131F14-1DE6-4F75-8E47-03877F791DFD} = {C0955739-6443-499E-A68A-EDFFBED79180}
	EndGlobalSection
	GlobalSection(ExtensibilityGlobals) = postSolution
		SolutionGuid = {697B54D6-3312-44FE-82D0-B0F7AD08E6E0}
	EndGlobalSection
EndGlobal
